
Microsoft Visual Studio Solution File, Format Version 12.00
# Visual Studio Version 16
VisualStudioVersion = 16.0.30611.23
MinimumVisualStudioVersion = 10.0.40219.1
Project("{FAE04EC0-301F-11D3-BF4B-00C04F79EFBC}") = "WpfApp1", "WpfApp1\WpfApp1.csproj", "{5A39168A-07C1-43B9-BA1F-01DE85422E24}"
EndProject
Global
	GlobalSection(SolutionConfigurationPlatforms) = preSolution
		Debug|Any CPU = Debug|Any CPU
		Release|Any CPU = Release|Any CPU
	EndGlobalSection
	GlobalSection(ProjectConfigurationPlatforms) = postSolution
		{5A39168A-07C1-43B9-BA1F-01DE85422E24}.Debug|Any CPU.ActiveCfg = Debug|Any CPU
		{5A39168A-07C1-43B9-BA1F-01DE85422E24}.Debug|Any CPU.Build.0 = Debug|Any CPU
		{5A39168A-07C1-43B9-BA1F-01DE85422E24}.Release|Any CPU.ActiveCfg = Release|Any CPU
		{5A39168A-07C1-43B9-BA1F-01DE85422E24}.Release|Any CPU.Build.0 = Release|Any CPU
	EndGlobalSection
	GlobalSection(SolutionProperties) = preSolution
		HideSolutionNode = FALSE
	EndGlobalSection
	GlobalSection(ExtensibilityGlobals) = postSolution
		SolutionGuid = {1C895712-9790-448C-B4FC-08B62188188F}
	EndGlobalSection
EndGlobal
